{
    "_readme": [
        "This file locks the dependencies of your project to a known state",
        "Read more about it at https://getcomposer.org/doc/01-basic-usage.md#installing-dependencies",
        "This file is @generated automatically"
    ],
    "content-hash": "c2b695ccc4a895c83f9ab8e1a333efd8",
    "packages": [
        {
            "name": "pablo-sg-pacheco/wp-namespace-autoloader",
            "version": "dev-master",
            "source": {
                "type": "git",
                "url": "https://github.com/pablo-sg-pacheco/wp-namespace-autoloader",
                "reference": "1f7bc55a5a14f23d5b184169b9b82d9be2fc4bae"
            },
            "require": {
                "php": ">=5.3.0"
            },
            "require-dev": {
                "phpunit/phpunit": "*"
            },
            "type": "library",
            "autoload": {
                "psr-4": {
                    "Pablo_Pacheco\\WP_Namespace_Autoloader\\": "src"
                }
            },
            "autoload-dev": {
                "psr-4": {
                    "Pablo_Pacheco\\WP_Namespace_Autoloader\\Tests\\": "tests"
                }
            },
            "license": [
                "GPLv2"
            ],
            "authors": [
                {
                    "name": "Pablo dos S G Pacheco",
                    "email": "pablo.sg.pacheco@gmail.com"
                }
            ],
            "description": "A PHP autoloader class that follows the WordPress coding standards for class names and class filenames",
            "homepage": "https://github.com/pablo-pacheco/wp-namespace-autoloader",
            "keywords": [
                "autoload",
                "namespace",
                "wordpress",
                "wp"
            ],
            "time": "2020-01-16T22:51:23+00:00"
        }
    ],
    "packages-dev": [
        {
            "name": "coenjacobs/mozart",
            "version": "0.4.0",
            "source": {
                "type": "git",
                "url": "https://github.com/coenjacobs/mozart.git",
                "reference": "2b31a5edf3a4d822e5b23cffd1e2e44875b1f0a5"
            },
            "dist": {
                "type": "zip",
                "url": "https://api.github.com/repos/coenjacobs/mozart/zipball/2b31a5edf3a4d822e5b23cffd1e2e44875b1f0a5",
                "reference": "2b31a5edf3a4d822e5b23cffd1e2e44875b1f0a5",
                "shasum": ""
            },
            "require": {
                "league/flysystem": "^1.0",
                "php": "^7.1",
                "symfony/console": "^4",
                "symfony/finder": "^4"
            },
            "require-dev": {
                "coenjacobs/php-composter-phpcs": "^0.1.0",
                "phpunit/phpunit": "^7.5"
            },
            "bin": [
                "bin/mozart"
            ],
            "type": "library",
            "extra": {
                "patches_applied": {
                    "Allow default packages": "https://github.com/coenjacobs/mozart/pull/34.patch"
                }
            },
            "autoload": {
                "psr-4": {
                    "CoenJacobs\\Mozart\\": "src/"
                }
            },
            "notification-url": "https://packagist.org/downloads/",
            "license": [
                "MIT"
            ],
            "authors": [
                {
                    "name": "Coen Jacobs",
                    "email": "coenjacobs@gmail.com"
                }
            ],
            "description": "Composes all dependencies as a package inside a WordPress plugin",
            "time": "2019-06-27T09:52:52+00:00"
        },
        {
            "name": "cweagans/composer-patches",
            "version": "1.6.7",
            "source": {
                "type": "git",
                "url": "https://github.com/cweagans/composer-patches.git",
                "reference": "2e6f72a2ad8d59cd7e2b729f218bf42adb14f590"
            },
            "dist": {
                "type": "zip",
                "url": "https://api.github.com/repos/cweagans/composer-patches/zipball/2e6f72a2ad8d59cd7e2b729f218bf42adb14f590",
                "reference": "2e6f72a2ad8d59cd7e2b729f218bf42adb14f590",
                "shasum": ""
            },
            "require": {
                "composer-plugin-api": "^1.0",
                "php": ">=5.3.0"
            },
            "require-dev": {
                "composer/composer": "~1.0",
                "phpunit/phpunit": "~4.6"
            },
            "type": "composer-plugin",
            "extra": {
                "class": "cweagans\\Composer\\Patches"
            },
            "autoload": {
                "psr-4": {
                    "cweagans\\Composer\\": "src"
                }
            },
            "notification-url": "https://packagist.org/downloads/",
            "license": [
                "BSD-3-Clause"
            ],
            "authors": [
                {
                    "name": "Cameron Eagans",
                    "email": "me@cweagans.net"
                }
            ],
            "description": "Provides a way to patch Composer packages.",
            "time": "2019-08-29T20:11:49+00:00"
        },
        {
            "name": "dealerdirect/phpcodesniffer-composer-installer",
            "version": "v0.5.0",
            "source": {
                "type": "git",
                "url": "https://github.com/Dealerdirect/phpcodesniffer-composer-installer.git",
                "reference": "e749410375ff6fb7a040a68878c656c2e610b132"
            },
            "dist": {
                "type": "zip",
                "url": "https://api.github.com/repos/Dealerdirect/phpcodesniffer-composer-installer/zipball/e749410375ff6fb7a040a68878c656c2e610b132",
                "reference": "e749410375ff6fb7a040a68878c656c2e610b132",
                "shasum": ""
            },
            "require": {
                "composer-plugin-api": "^1.0",
                "php": "^5.3|^7",
                "squizlabs/php_codesniffer": "^2|^3"
            },
            "require-dev": {
                "composer/composer": "*",
                "phpcompatibility/php-compatibility": "^9.0",
                "sensiolabs/security-checker": "^4.1.0"
            },
            "type": "composer-plugin",
            "extra": {
                "class": "Dealerdirect\\Composer\\Plugin\\Installers\\PHPCodeSniffer\\Plugin"
            },
            "autoload": {
                "psr-4": {
                    "Dealerdirect\\Composer\\Plugin\\Installers\\PHPCodeSniffer\\": "src/"
                }
            },
            "notification-url": "https://packagist.org/downloads/",
            "license": [
                "MIT"
            ],
            "authors": [
                {
                    "name": "Franck Nijhof",
                    "email": "franck.nijhof@dealerdirect.com",
                    "homepage": "http://www.frenck.nl",
                    "role": "Developer / IT Manager"
                }
            ],
            "description": "PHP_CodeSniffer Standards Composer Installer Plugin",
            "homepage": "http://www.dealerdirect.com",
            "keywords": [
                "PHPCodeSniffer",
                "PHP_CodeSniffer",
                "code quality",
                "codesniffer",
                "composer",
                "installer",
                "phpcs",
                "plugin",
                "qa",
                "quality",
                "standard",
                "standards",
                "style guide",
                "stylecheck",
                "tests"
            ],
            "time": "2018-10-26T13:21:45+00:00"
        },
        {
            "name": "league/flysystem",
            "version": "1.0.63",
            "source": {
                "type": "git",
                "url": "https://github.com/thephpleague/flysystem.git",
                "reference": "8132daec326565036bc8e8d1876f77ec183a7bd6"
            },
            "dist": {
                "type": "zip",
                "url": "https://api.github.com/repos/thephpleague/flysystem/zipball/8132daec326565036bc8e8d1876f77ec183a7bd6",
                "reference": "8132daec326565036bc8e8d1876f77ec183a7bd6",
                "shasum": ""
            },
            "require": {
                "ext-fileinfo": "*",
                "php": ">=5.5.9"
            },
            "conflict": {
                "league/flysystem-sftp": "<1.0.6"
            },
            "require-dev": {
                "phpspec/phpspec": "^3.4",
                "phpunit/phpunit": "^5.7.10"
            },
            "suggest": {
                "ext-fileinfo": "Required for MimeType",
                "ext-ftp": "Allows you to use FTP server storage",
                "ext-openssl": "Allows you to use FTPS server storage",
                "league/flysystem-aws-s3-v2": "Allows you to use S3 storage with AWS SDK v2",
                "league/flysystem-aws-s3-v3": "Allows you to use S3 storage with AWS SDK v3",
                "league/flysystem-azure": "Allows you to use Windows Azure Blob storage",
                "league/flysystem-cached-adapter": "Flysystem adapter decorator for metadata caching",
                "league/flysystem-eventable-filesystem": "Allows you to use EventableFilesystem",
                "league/flysystem-rackspace": "Allows you to use Rackspace Cloud Files",
                "league/flysystem-sftp": "Allows you to use SFTP server storage via phpseclib",
                "league/flysystem-webdav": "Allows you to use WebDAV storage",
                "league/flysystem-ziparchive": "Allows you to use ZipArchive adapter",
                "spatie/flysystem-dropbox": "Allows you to use Dropbox storage",
                "srmklive/flysystem-dropbox-v2": "Allows you to use Dropbox storage for PHP 5 applications"
            },
            "type": "library",
            "extra": {
                "branch-alias": {
                    "dev-master": "1.1-dev"
                }
            },
            "autoload": {
                "psr-4": {
                    "League\\Flysystem\\": "src/"
                }
            },
            "notification-url": "https://packagist.org/downloads/",
            "license": [
                "MIT"
            ],
            "authors": [
                {
                    "name": "Frank de Jonge",
                    "email": "info@frenky.net"
                }
            ],
            "description": "Filesystem abstraction: Many filesystems, one API.",
            "keywords": [
                "Cloud Files",
                "WebDAV",
                "abstraction",
                "aws",
                "cloud",
                "copy.com",
                "dropbox",
                "file systems",
                "files",
                "filesystem",
                "filesystems",
                "ftp",
                "rackspace",
                "remote",
                "s3",
                "sftp",
                "storage"
            ],
            "time": "2020-01-04T16:30:31+00:00"
        },
        {
            "name": "psr/container",
            "version": "1.0.0",
            "source": {
                "type": "git",
                "url": "https://github.com/php-fig/container.git",
                "reference": "b7ce3b176482dbbc1245ebf52b181af44c2cf55f"
            },
            "dist": {
                "type": "zip",
                "url": "https://api.github.com/repos/php-fig/container/zipball/b7ce3b176482dbbc1245ebf52b181af44c2cf55f",
                "reference": "b7ce3b176482dbbc1245ebf52b181af44c2cf55f",
                "shasum": ""
            },
            "require": {
                "php": ">=5.3.0"
            },
            "type": "library",
            "extra": {
                "branch-alias": {
                    "dev-master": "1.0.x-dev"
                }
            },
            "autoload": {
                "psr-4": {
                    "Psr\\Container\\": "src/"
                }
            },
            "notification-url": "https://packagist.org/downloads/",
            "license": [
                "MIT"
            ],
            "authors": [
                {
                    "name": "PHP-FIG",
                    "homepage": "http://www.php-fig.org/"
                }
            ],
            "description": "Common Container Interface (PHP FIG PSR-11)",
            "homepage": "https://github.com/php-fig/container",
            "keywords": [
                "PSR-11",
                "container",
                "container-interface",
                "container-interop",
                "psr"
            ],
            "time": "2017-02-14T16:28:37+00:00"
        },
        {
            "name": "squizlabs/php_codesniffer",
            "version": "3.5.3",
            "source": {
                "type": "git",
                "url": "https://github.com/squizlabs/PHP_CodeSniffer.git",
                "reference": "557a1fc7ac702c66b0bbfe16ab3d55839ef724cb"
            },
            "dist": {
                "type": "zip",
                "url": "https://api.github.com/repos/squizlabs/PHP_CodeSniffer/zipball/557a1fc7ac702c66b0bbfe16ab3d55839ef724cb",
                "reference": "557a1fc7ac702c66b0bbfe16ab3d55839ef724cb",
                "shasum": ""
            },
            "require": {
                "ext-simplexml": "*",
                "ext-tokenizer": "*",
                "ext-xmlwriter": "*",
                "php": ">=5.4.0"
            },
            "require-dev": {
                "phpunit/phpunit": "^4.0 || ^5.0 || ^6.0 || ^7.0"
            },
            "bin": [
                "bin/phpcs",
                "bin/phpcbf"
            ],
            "type": "library",
            "extra": {
                "branch-alias": {
                    "dev-master": "3.x-dev"
                }
            },
            "notification-url": "https://packagist.org/downloads/",
            "license": [
                "BSD-3-Clause"
            ],
            "authors": [
                {
                    "name": "Greg Sherwood",
                    "role": "lead"
                }
            ],
            "description": "PHP_CodeSniffer tokenizes PHP, JavaScript and CSS files and detects violations of a defined set of coding standards.",
            "homepage": "https://github.com/squizlabs/PHP_CodeSniffer",
            "keywords": [
                "phpcs",
                "standards"
            ],
            "time": "2019-12-04T04:46:47+00:00"
        },
        {
            "name": "symfony/console",
            "version": "v4.4.2",
            "source": {
                "type": "git",
                "url": "https://github.com/symfony/console.git",
                "reference": "82437719dab1e6bdd28726af14cb345c2ec816d0"
            },
            "dist": {
                "type": "zip",
                "url": "https://api.github.com/repos/symfony/console/zipball/82437719dab1e6bdd28726af14cb345c2ec816d0",
                "reference": "82437719dab1e6bdd28726af14cb345c2ec816d0",
                "shasum": ""
            },
            "require": {
                "php": "^7.1.3",
                "symfony/polyfill-mbstring": "~1.0",
                "symfony/polyfill-php73": "^1.8",
                "symfony/service-contracts": "^1.1|^2"
            },
            "conflict": {
                "symfony/dependency-injection": "<3.4",
                "symfony/event-dispatcher": "<4.3|>=5",
                "symfony/lock": "<4.4",
                "symfony/process": "<3.3"
            },
            "provide": {
                "psr/log-implementation": "1.0"
            },
            "require-dev": {
                "psr/log": "~1.0",
                "symfony/config": "^3.4|^4.0|^5.0",
                "symfony/dependency-injection": "^3.4|^4.0|^5.0",
                "symfony/event-dispatcher": "^4.3",
                "symfony/lock": "^4.4|^5.0",
                "symfony/process": "^3.4|^4.0|^5.0",
                "symfony/var-dumper": "^4.3|^5.0"
            },
            "suggest": {
                "psr/log": "For using the console logger",
                "symfony/event-dispatcher": "",
                "symfony/lock": "",
                "symfony/process": ""
            },
            "type": "library",
            "extra": {
                "branch-alias": {
                    "dev-master": "4.4-dev"
                }
            },
            "autoload": {
                "psr-4": {
                    "Symfony\\Component\\Console\\": ""
                },
                "exclude-from-classmap": [
                    "/Tests/"
                ]
            },
            "notification-url": "https://packagist.org/downloads/",
            "license": [
                "MIT"
            ],
            "authors": [
                {
                    "name": "Fabien Potencier",
                    "email": "fabien@symfony.com"
                },
                {
                    "name": "Symfony Community",
                    "homepage": "https://symfony.com/contributors"
                }
            ],
            "description": "Symfony Console Component",
            "homepage": "https://symfony.com",
            "time": "2019-12-17T10:32:23+00:00"
        },
        {
            "name": "symfony/finder",
            "version": "v4.4.2",
            "source": {
                "type": "git",
                "url": "https://github.com/symfony/finder.git",
                "reference": "ce8743441da64c41e2a667b8eb66070444ed911e"
            },
            "dist": {
                "type": "zip",
                "url": "https://api.github.com/repos/symfony/finder/zipball/ce8743441da64c41e2a667b8eb66070444ed911e",
                "reference": "ce8743441da64c41e2a667b8eb66070444ed911e",
                "shasum": ""
            },
            "require": {
                "php": "^7.1.3"
            },
            "type": "library",
            "extra": {
                "branch-alias": {
                    "dev-master": "4.4-dev"
                }
            },
            "autoload": {
                "psr-4": {
                    "Symfony\\Component\\Finder\\": ""
                },
                "exclude-from-classmap": [
                    "/Tests/"
                ]
            },
            "notification-url": "https://packagist.org/downloads/",
            "license": [
                "MIT"
            ],
            "authors": [
                {
                    "name": "Fabien Potencier",
                    "email": "fabien@symfony.com"
                },
                {
                    "name": "Symfony Community",
                    "homepage": "https://symfony.com/contributors"
                }
            ],
            "description": "Symfony Finder Component",
            "homepage": "https://symfony.com",
            "time": "2019-11-17T21:56:56+00:00"
        },
        {
            "name": "symfony/polyfill-mbstring",
            "version": "v1.13.1",
            "source": {
                "type": "git",
                "url": "https://github.com/symfony/polyfill-mbstring.git",
                "reference": "7b4aab9743c30be783b73de055d24a39cf4b954f"
            },
            "dist": {
                "type": "zip",
                "url": "https://api.github.com/repos/symfony/polyfill-mbstring/zipball/7b4aab9743c30be783b73de055d24a39cf4b954f",
                "reference": "7b4aab9743c30be783b73de055d24a39cf4b954f",
                "shasum": ""
            },
            "require": {
                "php": ">=5.3.3"
            },
            "suggest": {
                "ext-mbstring": "For best performance"
            },
            "type": "library",
            "extra": {
                "branch-alias": {
                    "dev-master": "1.13-dev"
                }
            },
            "autoload": {
                "psr-4": {
                    "Symfony\\Polyfill\\Mbstring\\": ""
                },
                "files": [
                    "bootstrap.php"
                ]
            },
            "notification-url": "https://packagist.org/downloads/",
            "license": [
                "MIT"
            ],
            "authors": [
                {
                    "name": "Nicolas Grekas",
                    "email": "p@tchwork.com"
                },
                {
                    "name": "Symfony Community",
                    "homepage": "https://symfony.com/contributors"
                }
            ],
            "description": "Symfony polyfill for the Mbstring extension",
            "homepage": "https://symfony.com",
            "keywords": [
                "compatibility",
                "mbstring",
                "polyfill",
                "portable",
                "shim"
            ],
            "time": "2019-11-27T14:18:11+00:00"
        },
        {
            "name": "symfony/polyfill-php73",
            "version": "v1.13.1",
            "source": {
                "type": "git",
                "url": "https://github.com/symfony/polyfill-php73.git",
                "reference": "4b0e2222c55a25b4541305a053013d5647d3a25f"
            },
            "dist": {
                "type": "zip",
                "url": "https://api.github.com/repos/symfony/polyfill-php73/zipball/4b0e2222c55a25b4541305a053013d5647d3a25f",
                "reference": "4b0e2222c55a25b4541305a053013d5647d3a25f",
                "shasum": ""
            },
            "require": {
                "php": ">=5.3.3"
            },
            "type": "library",
            "extra": {
                "branch-alias": {
                    "dev-master": "1.13-dev"
                }
            },
            "autoload": {
                "psr-4": {
                    "Symfony\\Polyfill\\Php73\\": ""
                },
                "files": [
                    "bootstrap.php"
                ],
                "classmap": [
                    "Resources/stubs"
                ]
            },
            "notification-url": "https://packagist.org/downloads/",
            "license": [
                "MIT"
            ],
            "authors": [
                {
                    "name": "Nicolas Grekas",
                    "email": "p@tchwork.com"
                },
                {
                    "name": "Symfony Community",
                    "homepage": "https://symfony.com/contributors"
                }
            ],
            "description": "Symfony polyfill backporting some PHP 7.3+ features to lower PHP versions",
            "homepage": "https://symfony.com",
            "keywords": [
                "compatibility",
                "polyfill",
                "portable",
                "shim"
            ],
            "time": "2019-11-27T16:25:15+00:00"
        },
        {
            "name": "symfony/service-contracts",
            "version": "v1.1.8",
            "source": {
                "type": "git",
                "url": "https://github.com/symfony/service-contracts.git",
                "reference": "ffc7f5692092df31515df2a5ecf3b7302b3ddacf"
            },
            "dist": {
                "type": "zip",
                "url": "https://api.github.com/repos/symfony/service-contracts/zipball/ffc7f5692092df31515df2a5ecf3b7302b3ddacf",
                "reference": "ffc7f5692092df31515df2a5ecf3b7302b3ddacf",
                "shasum": ""
            },
            "require": {
                "php": "^7.1.3",
                "psr/container": "^1.0"
            },
            "suggest": {
                "symfony/service-implementation": ""
            },
            "type": "library",
            "extra": {
                "branch-alias": {
                    "dev-master": "1.1-dev"
                }
            },
            "autoload": {
                "psr-4": {
                    "Symfony\\Contracts\\Service\\": ""
                }
            },
            "notification-url": "https://packagist.org/downloads/",
            "license": [
                "MIT"
            ],
            "authors": [
                {
                    "name": "Nicolas Grekas",
                    "email": "p@tchwork.com"
                },
                {
                    "name": "Symfony Community",
                    "homepage": "https://symfony.com/contributors"
                }
            ],
            "description": "Generic abstractions related to writing services",
            "homepage": "https://symfony.com",
            "keywords": [
                "abstractions",
                "contracts",
                "decoupling",
                "interfaces",
                "interoperability",
                "standards"
            ],
            "time": "2019-10-14T12:27:06+00:00"
        },
        {
            "name": "wp-coding-standards/wpcs",
            "version": "2.2.0",
            "source": {
                "type": "git",
                "url": "https://github.com/WordPress/WordPress-Coding-Standards.git",
                "reference": "f90e8692ce97b693633db7ab20bfa78d930f536a"
            },
            "dist": {
                "type": "zip",
                "url": "https://api.github.com/repos/WordPress/WordPress-Coding-Standards/zipball/f90e8692ce97b693633db7ab20bfa78d930f536a",
                "reference": "f90e8692ce97b693633db7ab20bfa78d930f536a",
                "shasum": ""
            },
            "require": {
                "php": ">=5.4",
                "squizlabs/php_codesniffer": "^3.3.1"
            },
            "require-dev": {
                "dealerdirect/phpcodesniffer-composer-installer": "^0.5.0",
                "phpcompatibility/php-compatibility": "^9.0",
                "phpunit/phpunit": "^4.0 || ^5.0 || ^6.0 || ^7.0"
            },
            "suggest": {
                "dealerdirect/phpcodesniffer-composer-installer": "^0.5.0 || This Composer plugin will sort out the PHPCS 'installed_paths' automatically."
            },
            "type": "phpcodesniffer-standard",
            "notification-url": "https://packagist.org/downloads/",
            "license": [
                "MIT"
            ],
            "authors": [
                {
                    "name": "Contributors",
                    "homepage": "https://github.com/WordPress/WordPress-Coding-Standards/graphs/contributors"
                }
            ],
            "description": "PHP_CodeSniffer rules (sniffs) to enforce WordPress coding conventions",
            "keywords": [
                "phpcs",
                "standards",
                "wordpress"
            ],
            "time": "2019-11-11T12:34:03+00:00"
        }
    ],
    "aliases": [],
    "minimum-stability": "stable",
    "stability-flags": {
        "pablo-sg-pacheco/wp-namespace-autoloader": 20
    },
    "prefer-stable": false,
    "prefer-lowest": false,
    "platform": [],
    "platform-dev": []
}
